Microsoft Visual Studio Solution File, Format Version 12.00
# Visual Studio 2012
Project("{FAE04EC0-301F-11D3-BF4B-00C04F79EFBC}") = "mushroom apocalypse", "mushroom apocalypse.csproj", "{2526D7A3-5410-4D0B-B87F-98340450DE87}"
EndProject
Global
	GlobalSection(SolutionConfigurationPlatforms) = preSolution
	Debug|Any CPU = Debug|Any CPU
	ExportDebug|Any CPU = ExportDebug|Any CPU
	ExportRelease|Any CPU = ExportRelease|Any CPU
	EndGlobalSection
	GlobalSection(ProjectConfigurationPlatforms) = postSolution
		{2526D7A3-5410-4D0B-B87F-98340450DE87}.Debug|Any CPU.ActiveCfg = Debug|Any CPU
		{2526D7A3-5410-4D0B-B87F-98340450DE87}.Debug|Any CPU.Build.0 = Debug|Any CPU
		{2526D7A3-5410-4D0B-B87F-98340450DE87}.ExportDebug|Any CPU.ActiveCfg = ExportDebug|Any CPU
		{2526D7A3-5410-4D0B-B87F-98340450DE87}.ExportDebug|Any CPU.Build.0 = ExportDebug|Any CPU
		{2526D7A3-5410-4D0B-B87F-98340450DE87}.ExportRelease|Any CPU.ActiveCfg = ExportRelease|Any CPU
		{2526D7A3-5410-4D0B-B87F-98340450DE87}.ExportRelease|Any CPU.Build.0 = ExportRelease|Any CPU
	EndGlobalSection
EndGlobal
